
Microsoft Visual Studio Solution File, Format Version 12.00
# Visual Studio Version 17
VisualStudioVersion = 17.0.31808.319
MinimumVisualStudioVersion = 10.0.40219.1
Project("{FAE04EC0-301F-11D3-BF4B-00C04F79EFBC}") = "AAPTForNet", "ApkInstaller\AAPTForNet\AAPTForNet.csproj", "{22AA131D-DBA0-445C-B790-FDFD951A1655}"
EndProject
Project("{9A19103F-16F7-4668-BE54-9A1E7A4F7556}") = "CommunityToolkit.WinUI.UI.Controls.Markdown", "ApkInstaller\CommunityToolkit\CommunityToolkit.WinUI.UI.Controls.Markdown\CommunityToolkit.WinUI.UI.Controls.Markdown.csproj", "{8CDA043D-CFD4-4D73-B111-F68E8A038A3C}"
EndProject
Project("{9A19103F-16F7-4668-BE54-9A1E7A4F7556}") = "CommunityToolkit.WinUI.UI", "ApkInstaller\CommunityToolkit\CommunityToolkit.WinUI.UI\CommunityToolkit.WinUI.UI.csproj", "{8A158A6D-DF3C-4BC6-9699-4A6816AE8264}"
EndProject
Project("{9A19103F-16F7-4668-BE54-9A1E7A4F7556}") = "CommunityToolkit.WinUI", "ApkInstaller\CommunityToolkit\CommunityToolkit.WinUI\CommunityToolkit.WinUI.csproj", "{3CE8436E-D135-40B0-96B4-16593165F83F}"
EndProject
Project("{9A19103F-16F7-4668-BE54-9A1E7A4F7556}") = "CommunityToolkit.Common", "ApkInstaller\CommunityToolkit\CommunityToolkit.Common\CommunityToolkit.Common.csproj", "{28AC1042-D01F-4092-9472-BFBC7DBB91D9}"
EndProject
Project("{9A19103F-16F7-4668-BE54-9A1E7A4F7556}") = "CommunityToolkit.WinUI.UI.Controls.Core", "ApkInstaller\CommunityToolkit\CommunityToolkit.WinUI.UI.Controls.Core\CommunityToolkit.WinUI.UI.Controls.Core.csproj", "{890EDF6C-5772-4D89-BE49-28E11AFA2F87}"
EndProject
Project("{9A19103F-16F7-4668-BE54-9A1E7A4F7556}") = "CommunityToolkit.WinUI.UI.Controls.Primitives", "ApkInstaller\CommunityToolkit\CommunityToolkit.WinUI.UI.Controls.Primitives\CommunityToolkit.WinUI.UI.Controls.Primitives.csproj", "{45A4DF60-9EC5-4F9A-90E0-9F64F9A5D838}"
EndProject
Project("{2150E333-8FDC-42A3-9474-1A3956D46DE8}") = "CommunityToolkit", "CommunityToolkit", "{A191D8FF-DFCA-470B-BD88-6641C2928AB8}"
EndProject
Project("{2150E333-8FDC-42A3-9474-1A3956D46DE8}") = "UI", "UI", "{4922C70B-ACFA-47E5-AED9-15E5E3881EC6}"
EndProject
Project("{9A19103F-16F7-4668-BE54-9A1E7A4F7556}") = "CommunityToolkit.WinUI.UI.Controls", "ApkInstaller\CommunityToolkit\CommunityToolkit.WinUI.UI.Controls\CommunityToolkit.WinUI.UI.Controls.csproj", "{D78EDB98-6836-4BC4-937A-54FE3DE63761}"
EndProject
Project("{9A19103F-16F7-4668-BE54-9A1E7A4F7556}") = "CommunityToolkit.WinUI.UI.Controls.Layout", "ApkInstaller\CommunityToolkit\CommunityToolkit.WinUI.UI.Controls.Layout\CommunityToolkit.WinUI.UI.Controls.Layout.csproj", "{F0FDBF67-E321-48A1-98A3-F4554BB6F4FB}"
EndProject
Project("{9A19103F-16F7-4668-BE54-9A1E7A4F7556}") = "AndroidAppInstaller", "ApkInstaller\ApkInstaller\AndroidAppInstaller.csproj", "{299C2627-6499-49CD-B0D9-071A893991A9}"
EndProject
Global
	GlobalSection(SolutionConfigurationPlatforms) = preSolution
		Debug|Any CPU = Debug|Any CPU
		Debug|arm64 = Debug|arm64
		Debug|x64 = Debug|x64
		Debug|x86 = Debug|x86
		Release|Any CPU = Release|Any CPU
		Release|arm64 = Release|arm64
		Release|x64 = Release|x64
		Release|x86 = Release|x86
	EndGlobalSection
	GlobalSection(ProjectConfigurationPlatforms) = postSolution
		{22AA131D-DBA0-445C-B790-FDFD951A1655}.Debug|Any CPU.ActiveCfg = Debug|Any CPU
		{22AA131D-DBA0-445C-B790-FDFD951A1655}.Debug|Any CPU.Build.0 = Debug|Any CPU
		{22AA131D-DBA0-445C-B790-FDFD951A1655}.Debug|arm64.ActiveCfg = Debug|Any CPU
		{22AA131D-DBA0-445C-B790-FDFD951A1655}.Debug|arm64.Build.0 = Debug|Any CPU
		{22AA131D-DBA0-445C-B790-FDFD951A1655}.Debug|x64.ActiveCfg = Debug|Any CPU
		{22AA131D-DBA0-445C-B790-FDFD951A1655}.Debug|x64.Build.0 = Debug|Any CPU
		{22AA131D-DBA0-445C-B790-FDFD951A1655}.Debug|x86.ActiveCfg = Debug|Any CPU
		{22AA131D-DBA0-445C-B790-FDFD951A1655}.Debug|x86.Build.0 = Debug|Any CPU
		{22AA131D-DBA0-445C-B790-FDFD951A1655}.Release|Any CPU.ActiveCfg = Release|Any CPU
		{22AA131D-DBA0-445C-B790-FDFD951A1655}.Release|Any CPU.Build.0 = Release|Any CPU
		{22AA131D-DBA0-445C-B790-FDFD951A1655}.Release|arm64.ActiveCfg = Release|Any CPU
		{22AA131D-DBA0-445C-B790-FDFD951A1655}.Release|arm64.Build.0 = Release|Any CPU
		{22AA131D-DBA0-445C-B790-FDFD951A1655}.Release|x64.ActiveCfg = Release|Any CPU
		{22AA131D-DBA0-445C-B790-FDFD951A1655}.Release|x64.Build.0 = Release|Any CPU
		{22AA131D-DBA0-445C-B790-FDFD951A1655}.Release|x86.ActiveCfg = Release|Any CPU
		{22AA131D-DBA0-445C-B790-FDFD951A1655}.Release|x86.Build.0 = Release|Any CPU
		{8CDA043D-CFD4-4D73-B111-F68E8A038A3C}.Debug|Any CPU.ActiveCfg = Debug|Any CPU
		{8CDA043D-CFD4-4D73-B111-F68E8A038A3C}.Debug|Any CPU.Build.0 = Debug|Any CPU
		{8CDA043D-CFD4-4D73-B111-F68E8A038A3C}.Debug|arm64.ActiveCfg = Debug|Any CPU
		{8CDA043D-CFD4-4D73-B111-F68E8A038A3C}.Debug|arm64.Build.0 = Debug|Any CPU
		{8CDA043D-CFD4-4D73-B111-F68E8A038A3C}.Debug|x64.ActiveCfg = Debug|Any CPU
		{8CDA043D-CFD4-4D73-B111-F68E8A038A3C}.Debug|x64.Build.0 = Debug|Any CPU
		{8CDA043D-CFD4-4D73-B111-F68E8A038A3C}.Debug|x86.ActiveCfg = Debug|Any CPU
		{8CDA043D-CFD4-4D73-B111-F68E8A038A3C}.Debug|x86.Build.0 = Debug|Any CPU
		{8CDA043D-CFD4-4D73-B111-F68E8A038A3C}.Release|Any CPU.ActiveCfg = Release|Any CPU
		{8CDA043D-CFD4-4D73-B111-F68E8A038A3C}.Release|Any CPU.Build.0 = Release|Any CPU
		{8CDA043D-CFD4-4D73-B111-F68E8A038A3C}.Release|arm64.ActiveCfg = Release|Any CPU
		{8CDA043D-CFD4-4D73-B111-F68E8A038A3C}.Release|arm64.Build.0 = Release|Any CPU
		{8CDA043D-CFD4-4D73-B111-F68E8A038A3C}.Release|x64.ActiveCfg = Release|Any CPU
		{8CDA043D-CFD4-4D73-B111-F68E8A038A3C}.Release|x64.Build.0 = Release|Any CPU
		{8CDA043D-CFD4-4D73-B111-F68E8A038A3C}.Release|x86.ActiveCfg = Release|Any CPU
		{8CDA043D-CFD4-4D73-B111-F68E8A038A3C}.Release|x86.Build.0 = Release|Any CPU
		{8A158A6D-DF3C-4BC6-9699-4A6816AE8264}.Debug|Any CPU.ActiveCfg = Debug|Any CPU
		{8A158A6D-DF3C-4BC6-9699-4A6816AE8264}.Debug|Any CPU.Build.0 = Debug|Any CPU
		{8A158A6D-DF3C-4BC6-9699-4A6816AE8264}.Debug|arm64.ActiveCfg = Debug|Any CPU
		{8A158A6D-DF3C-4BC6-9699-4A6816AE8264}.Debug|arm64.Build.0 = Debug|Any CPU
		{8A158A6D-DF3C-4BC6-9699-4A6816AE8264}.Debug|x64.ActiveCfg = Debug|Any CPU
		{8A158A6D-DF3C-4BC6-9699-4A6816AE8264}.Debug|x64.Build.0 = Debug|Any CPU
		{8A158A6D-DF3C-4BC6-9699-4A6816AE8264}.Debug|x86.ActiveCfg = Debug|Any CPU
		{8A158A6D-DF3C-4BC6-9699-4A6816AE8264}.Debug|x86.Build.0 = Debug|Any CPU
		{8A158A6D-DF3C-4BC6-9699-4A6816AE8264}.Release|Any CPU.ActiveCfg = Release|Any CPU
		{8A158A6D-DF3C-4BC6-9699-4A6816AE8264}.Release|Any CPU.Build.0 = Release|Any CPU
		{8A158A6D-DF3C-4BC6-9699-4A6816AE8264}.Release|arm64.ActiveCfg = Release|Any CPU
		{8A158A6D-DF3C-4BC6-9699-4A6816AE8264}.Release|arm64.Build.0 = Release|Any CPU
		{8A158A6D-DF3C-4BC6-9699-4A6816AE8264}.Release|x64.ActiveCfg = Release|Any CPU
		{8A158A6D-DF3C-4BC6-9699-4A6816AE8264}.Release|x64.Build.0 = Release|Any CPU
		{8A158A6D-DF3C-4BC6-9699-4A6816AE8264}.Release|x86.ActiveCfg = Release|Any CPU
		{8A158A6D-DF3C-4BC6-9699-4A6816AE8264}.Release|x86.Build.0 = Release|Any CPU
		{3CE8436E-D135-40B0-96B4-16593165F83F}.Debug|Any CPU.ActiveCfg = Debug|Any CPU
		{3CE8436E-D135-40B0-96B4-16593165F83F}.Debug|Any CPU.Build.0 = Debug|Any CPU
		{3CE8436E-D135-40B0-96B4-16593165F83F}.Debug|arm64.ActiveCfg = Debug|Any CPU
		{3CE8436E-D135-40B0-96B4-16593165F83F}.Debug|arm64.Build.0 = Debug|Any CPU
		{3CE8436E-D135-40B0-96B4-16593165F83F}.Debug|x64.ActiveCfg = Debug|Any CPU
		{3CE8436E-D135-40B0-96B4-16593165F83F}.Debug|x64.Build.0 = Debug|Any CPU
		{3CE8436E-D135-40B0-96B4-16593165F83F}.Debug|x86.ActiveCfg = Debug|Any CPU
		{3CE8436E-D135-40B0-96B4-16593165F83F}.Debug|x86.Build.0 = Debug|Any CPU
		{3CE8436E-D135-40B0-96B4-16593165F83F}.Release|Any CPU.ActiveCfg = Release|Any CPU
		{3CE8436E-D135-40B0-96B4-16593165F83F}.Release|Any CPU.Build.0 = Release|Any CPU
		{3CE8436E-D135-40B0-96B4-16593165F83F}.Release|arm64.ActiveCfg = Release|Any CPU
		{3CE8436E-D135-40B0-96B4-16593165F83F}.Release|arm64.Build.0 = Release|Any CPU
		{3CE8436E-D135-40B0-96B4-16593165F83F}.Release|x64.ActiveCfg = Release|Any CPU
		{3CE8436E-D135-40B0-96B4-16593165F83F}.Release|x64.Build.0 = Release|Any CPU
		{3CE8436E-D135-40B0-96B4-16593165F83F}.Release|x86.ActiveCfg = Release|Any CPU
		{3CE8436E-D135-40B0-96B4-16593165F83F}.Release|x86.Build.0 = Release|Any CPU
		{28AC1042-D01F-4092-9472-BFBC7DBB91D9}.Debug|Any CPU.ActiveCfg = Debug|Any CPU
		{28AC1042-D01F-4092-9472-BFBC7DBB91D9}.Debug|Any CPU.Build.0 = Debug|Any CPU
		{28AC1042-D01F-4092-9472-BFBC7DBB91D9}.Debug|arm64.ActiveCfg = Debug|Any CPU
		{28AC1042-D01F-4092-9472-BFBC7DBB91D9}.Debug|arm64.Build.0 = Debug|Any CPU
		{28AC1042-D01F-4092-9472-BFBC7DBB91D9}.Debug|x64.ActiveCfg = Debug|Any CPU
		{28AC1042-D01F-4092-9472-BFBC7DBB91D9}.Debug|x64.Build.0 = Debug|Any CPU
		{28AC1042-D01F-4092-9472-BFBC7DBB91D9}.Debug|x86.ActiveCfg = Debug|Any CPU
		{28AC1042-D01F-4092-9472-BFBC7DBB91D9}.Debug|x86.Build.0 = Debug|Any CPU
		{28AC1042-D01F-4092-9472-BFBC7DBB91D9}.Release|Any CPU.ActiveCfg = Release|Any CPU
		{28AC1042-D01F-4092-9472-BFBC7DBB91D9}.Release|Any CPU.Build.0 = Release|Any CPU
		{28AC1042-D01F-4092-9472-BFBC7DBB91D9}.Release|arm64.ActiveCfg = Release|Any CPU
		{28AC1042-D01F-4092-9472-BFBC7DBB91D9}.Release|arm64.Build.0 = Release|Any CPU
		{28AC1042-D01F-4092-9472-BFBC7DBB91D9}.Release|x64.ActiveCfg = Release|Any CPU
		{28AC1042-D01F-4092-9472-BFBC7DBB91D9}.Release|x64.Build.0 = Release|Any CPU
		{28AC1042-D01F-4092-9472-BFBC7DBB91D9}.Release|x86.ActiveCfg = Release|Any CPU
		{28AC1042-D01F-4092-9472-BFBC7DBB91D9}.Release|x86.Build.0 = Release|Any CPU
		{890EDF6C-5772-4D89-BE49-28E11AFA2F87}.Debug|Any CPU.ActiveCfg = Debug|Any CPU
		{890EDF6C-5772-4D89-BE49-28E11AFA2F87}.Debug|Any CPU.Build.0 = Debug|Any CPU
		{890EDF6C-5772-4D89-BE49-28E11AFA2F87}.Debug|arm64.ActiveCfg = Debug|Any CPU
		{890EDF6C-5772-4D89-BE49-28E11AFA2F87}.Debug|arm64.Build.0 = Debug|Any CPU
		{890EDF6C-5772-4D89-BE49-28E11AFA2F87}.Debug|x64.ActiveCfg = Debug|Any CPU
		{890EDF6C-5772-4D89-BE49-28E11AFA2F87}.Debug|x64.Build.0 = Debug|Any CPU
		{890EDF6C-5772-4D89-BE49-28E11AFA2F87}.Debug|x86.ActiveCfg = Debug|Any CPU
		{890EDF6C-5772-4D89-BE49-28E11AFA2F87}.Debug|x86.Build.0 = Debug|Any CPU
		{890EDF6C-5772-4D89-BE49-28E11AFA2F87}.Release|Any CPU.ActiveCfg = Release|Any CPU
		{890EDF6C-5772-4D89-BE49-28E11AFA2F87}.Release|Any CPU.Build.0 = Release|Any CPU
		{890EDF6C-5772-4D89-BE49-28E11AFA2F87}.Release|arm64.ActiveCfg = Release|Any CPU
		{890EDF6C-5772-4D89-BE49-28E11AFA2F87}.Release|arm64.Build.0 = Release|Any CPU
		{890EDF6C-5772-4D89-BE49-28E11AFA2F87}.Release|x64.ActiveCfg = Release|Any CPU
		{890EDF6C-5772-4D89-BE49-28E11AFA2F87}.Release|x64.Build.0 = Release|Any CPU
		{890EDF6C-5772-4D89-BE49-28E11AFA2F87}.Release|x86.ActiveCfg = Release|Any CPU
		{890EDF6C-5772-4D89-BE49-28E11AFA2F87}.Release|x86.Build.0 = Release|Any CPU
		{45A4DF60-9EC5-4F9A-90E0-9F64F9A5D838}.Debug|Any CPU.ActiveCfg = Debug|Any CPU
		{45A4DF60-9EC5-4F9A-90E0-9F64F9A5D838}.Debug|Any CPU.Build.0 = Debug|Any CPU
		{45A4DF60-9EC5-4F9A-90E0-9F64F9A5D838}.Debug|arm64.ActiveCfg = Debug|Any CPU
		{45A4DF60-9EC5-4F9A-90E0-9F64F9A5D838}.Debug|arm64.Build.0 = Debug|Any CPU
		{45A4DF60-9EC5-4F9A-90E0-9F64F9A5D838}.Debug|x64.ActiveCfg = Debug|Any CPU
		{45A4DF60-9EC5-4F9A-90E0-9F64F9A5D838}.Debug|x64.Build.0 = Debug|Any CPU
		{45A4DF60-9EC5-4F9A-90E0-9F64F9A5D838}.Debug|x86.ActiveCfg = Debug|Any CPU
		{45A4DF60-9EC5-4F9A-90E0-9F64F9A5D838}.Debug|x86.Build.0 = Debug|Any CPU
		{45A4DF60-9EC5-4F9A-90E0-9F64F9A5D838}.Release|Any CPU.ActiveCfg = Release|Any CPU
		{45A4DF60-9EC5-4F9A-90E0-9F64F9A5D838}.Release|Any CPU.Build.0 = Release|Any CPU
		{45A4DF60-9EC5-4F9A-90E0-9F64F9A5D838}.Release|arm64.ActiveCfg = Release|Any CPU
		{45A4DF60-9EC5-4F9A-90E0-9F64F9A5D838}.Release|arm64.Build.0 = Release|Any CPU
		{45A4DF60-9EC5-4F9A-90E0-9F64F9A5D838}.Release|x64.ActiveCfg = Release|Any CPU
		{45A4DF60-9EC5-4F9A-90E0-9F64F9A5D838}.Release|x64.Build.0 = Release|Any CPU
		{45A4DF60-9EC5-4F9A-90E0-9F64F9A5D838}.Release|x86.ActiveCfg = Release|Any CPU
		{45A4DF60-9EC5-4F9A-90E0-9F64F9A5D838}.Release|x86.Build.0 = Release|Any CPU
		{D78EDB98-6836-4BC4-937A-54FE3DE63761}.Debug|Any CPU.ActiveCfg = Debug|Any CPU
		{D78EDB98-6836-4BC4-937A-54FE3DE63761}.Debug|Any CPU.Build.0 = Debug|Any CPU
		{D78EDB98-6836-4BC4-937A-54FE3DE63761}.Debug|arm64.ActiveCfg = Debug|Any CPU
		{D78EDB98-6836-4BC4-937A-54FE3DE63761}.Debug|arm64.Build.0 = Debug|Any CPU
		{D78EDB98-6836-4BC4-937A-54FE3DE63761}.Debug|x64.ActiveCfg = Debug|Any CPU
		{D78EDB98-6836-4BC4-937A-54FE3DE63761}.Debug|x64.Build.0 = Debug|Any CPU
		{D78EDB98-6836-4BC4-937A-54FE3DE63761}.Debug|x86.ActiveCfg = Debug|Any CPU
		{D78EDB98-6836-4BC4-937A-54FE3DE63761}.Debug|x86.Build.0 = Debug|Any CPU
		{D78EDB98-6836-4BC4-937A-54FE3DE63761}.Release|Any CPU.ActiveCfg = Release|Any CPU
		{D78EDB98-6836-4BC4-937A-54FE3DE63761}.Release|Any CPU.Build.0 = Release|Any CPU
		{D78EDB98-6836-4BC4-937A-54FE3DE63761}.Release|arm64.ActiveCfg = Release|Any CPU
		{D78EDB98-6836-4BC4-937A-54FE3DE63761}.Release|arm64.Build.0 = Release|Any CPU
		{D78EDB98-6836-4BC4-937A-54FE3DE63761}.Release|x64.ActiveCfg = Release|Any CPU
		{D78EDB98-6836-4BC4-937A-54FE3DE63761}.Release|x64.Build.0 = Release|Any CPU
		{D78EDB98-6836-4BC4-937A-54FE3DE63761}.Release|x86.ActiveCfg = Release|Any CPU
		{D78EDB98-6836-4BC4-937A-54FE3DE63761}.Release|x86.Build.0 = Release|Any CPU
		{F0FDBF67-E321-48A1-98A3-F4554BB6F4FB}.Debug|Any CPU.ActiveCfg = Debug|Any CPU
		{F0FDBF67-E321-48A1-98A3-F4554BB6F4FB}.Debug|Any CPU.Build.0 = Debug|Any CPU
		{F0FDBF67-E321-48A1-98A3-F4554BB6F4FB}.Debug|arm64.ActiveCfg = Debug|Any CPU
		{F0FDBF67-E321-48A1-98A3-F4554BB6F4FB}.Debug|arm64.Build.0 = Debug|Any CPU
		{F0FDBF67-E321-48A1-98A3-F4554BB6F4FB}.Debug|x64.ActiveCfg = Debug|Any CPU
		{F0FDBF67-E321-48A1-98A3-F4554BB6F4FB}.Debug|x64.Build.0 = Debug|Any CPU
		{F0FDBF67-E321-48A1-98A3-F4554BB6F4FB}.Debug|x86.ActiveCfg = Debug|Any CPU
		{F0FDBF67-E321-48A1-98A3-F4554BB6F4FB}.Debug|x86.Build.0 = Debug|Any CPU
		{F0FDBF67-E321-48A1-98A3-F4554BB6F4FB}.Release|Any CPU.ActiveCfg = Release|Any CPU
		{F0FDBF67-E321-48A1-98A3-F4554BB6F4FB}.Release|Any CPU.Build.0 = Release|Any CPU
		{F0FDBF67-E321-48A1-98A3-F4554BB6F4FB}.Release|arm64.ActiveCfg = Release|Any CPU
		{F0FDBF67-E321-48A1-98A3-F4554BB6F4FB}.Release|arm64.Build.0 = Release|Any CPU
		{F0FDBF67-E321-48A1-98A3-F4554BB6F4FB}.Release|x64.ActiveCfg = Release|Any CPU
		{F0FDBF67-E321-48A1-98A3-F4554BB6F4FB}.Release|x64.Build.0 = Release|Any CPU
		{F0FDBF67-E321-48A1-98A3-F4554BB6F4FB}.Release|x86.ActiveCfg = Release|Any CPU
		{F0FDBF67-E321-48A1-98A3-F4554BB6F4FB}.Release|x86.Build.0 = Release|Any CPU
		{299C2627-6499-49CD-B0D9-071A893991A9}.Debug|Any CPU.ActiveCfg = Debug|x64
		{299C2627-6499-49CD-B0D9-071A893991A9}.Debug|Any CPU.Build.0 = Debug|x64
		{299C2627-6499-49CD-B0D9-071A893991A9}.Debug|Any CPU.Deploy.0 = Debug|x64
		{299C2627-6499-49CD-B0D9-071A893991A9}.Debug|arm64.ActiveCfg = Debug|arm64
		{299C2627-6499-49CD-B0D9-071A893991A9}.Debug|arm64.Build.0 = Debug|arm64
		{299C2627-6499-49CD-B0D9-071A893991A9}.Debug|arm64.Deploy.0 = Debug|arm64
		{299C2627-6499-49CD-B0D9-071A893991A9}.Debug|x64.ActiveCfg = Debug|x64
		{299C2627-6499-49CD-B0D9-071A893991A9}.Debug|x64.Build.0 = Debug|x64
		{299C2627-6499-49CD-B0D9-071A893991A9}.Debug|x64.Deploy.0 = Debug|x64
		{299C2627-6499-49CD-B0D9-071A893991A9}.Debug|x86.ActiveCfg = Debug|x86
		{299C2627-6499-49CD-B0D9-071A893991A9}.Debug|x86.Build.0 = Debug|x86
		{299C2627-6499-49CD-B0D9-071A893991A9}.Debug|x86.Deploy.0 = Debug|x86
		{299C2627-6499-49CD-B0D9-071A893991A9}.Release|Any CPU.ActiveCfg = Release|x64
		{299C2627-6499-49CD-B0D9-071A893991A9}.Release|Any CPU.Build.0 = Release|x64
		{299C2627-6499-49CD-B0D9-071A893991A9}.Release|Any CPU.Deploy.0 = Release|x64
		{299C2627-6499-49CD-B0D9-071A893991A9}.Release|arm64.ActiveCfg = Release|arm64
		{299C2627-6499-49CD-B0D9-071A893991A9}.Release|arm64.Build.0 = Release|arm64
		{299C2627-6499-49CD-B0D9-071A893991A9}.Release|arm64.Deploy.0 = Release|arm64
		{299C2627-6499-49CD-B0D9-071A893991A9}.Release|x64.ActiveCfg = Release|x64
		{299C2627-6499-49CD-B0D9-071A893991A9}.Release|x64.Build.0 = Release|x64
		{299C2627-6499-49CD-B0D9-071A893991A9}.Release|x64.Deploy.0 = Release|x64
		{299C2627-6499-49CD-B0D9-071A893991A9}.Release|x86.ActiveCfg = Release|x86
		{299C2627-6499-49CD-B0D9-071A893991A9}.Release|x86.Build.0 = Release|x86
		{299C2627-6499-49CD-B0D9-071A893991A9}.Release|x86.Deploy.0 = Release|x86
	EndGlobalSection
	GlobalSection(SolutionProperties) = preSolution
		HideSolutionNode = FALSE
	EndGlobalSection
	GlobalSection(NestedProjects) = preSolution
		{8CDA043D-CFD4-4D73-B111-F68E8A038A3C} = {4922C70B-ACFA-47E5-AED9-15E5E3881EC6}
		{8A158A6D-DF3C-4BC6-9699-4A6816AE8264} = {4922C70B-ACFA-47E5-AED9-15E5E3881EC6}
		{3CE8436E-D135-40B0-96B4-16593165F83F} = {A191D8FF-DFCA-470B-BD88-6641C2928AB8}
		{28AC1042-D01F-4092-9472-BFBC7DBB91D9} = {A191D8FF-DFCA-470B-BD88-6641C2928AB8}
		{890EDF6C-5772-4D89-BE49-28E11AFA2F87} = {4922C70B-ACFA-47E5-AED9-15E5E3881EC6}
		{45A4DF60-9EC5-4F9A-90E0-9F64F9A5D838} = {4922C70B-ACFA-47E5-AED9-15E5E3881EC6}
		{4922C70B-ACFA-47E5-AED9-15E5E3881EC6} = {A191D8FF-DFCA-470B-BD88-6641C2928AB8}
		{D78EDB98-6836-4BC4-937A-54FE3DE63761} = {4922C70B-ACFA-47E5-AED9-15E5E3881EC6}
		{F0FDBF67-E321-48A1-98A3-F4554BB6F4FB} = {4922C70B-ACFA-47E5-AED9-15E5E3881EC6}
	EndGlobalSection
	GlobalSection(ExtensibilityGlobals) = postSolution
		SolutionGuid = {CE1865FA-76D9-42E5-979F-37384FFACF1F}
	EndGlobalSection
EndGlobal
