
Microsoft Visual Studio Solution File, Format Version 12.00
# Visual Studio Version 17
VisualStudioVersion = 17.1.31911.260
MinimumVisualStudioVersion = 10.0.40219.1
Project("{9A19103F-16F7-4668-BE54-9A1E7A4F7556}") = "APKInstaller", "APKInstaller\APKInstaller\APKInstaller.csproj", "{DA7A7229-52EB-4054-BFD6-B454D694FBEC}"
EndProject
Project("{9A19103F-16F7-4668-BE54-9A1E7A4F7556}") = "AAPTForNet", "APKInstaller\AAPTForNet\AAPTForNet.csproj", "{A4B1E6D3-CFEF-4369-9B5F-197E3F921FD2}"
EndProject
Project("{2150E333-8FDC-42A3-9474-1A3956D46DE8}") = "Libs", "Libs", "{D4544E50-F0F2-467B-90FF-40FF30ABF0A7}"
EndProject
Project("{9A19103F-16F7-4668-BE54-9A1E7A4F7556}") = "AdvancedSharpAdbClient", "..\AdvancedSharpAdbClient\AdvancedSharpAdbClient\AdvancedSharpAdbClient.csproj", "{ACD2CC04-7C62-4056-8523-633FB69552C5}"
EndProject
Global
	GlobalSection(SolutionConfigurationPlatforms) = preSolution
		Debug|Any CPU = Debug|Any CPU
		Debug|ARM64 = Debug|ARM64
		Debug|x64 = Debug|x64
		Debug|x86 = Debug|x86
		Release|Any CPU = Release|Any CPU
		Release|ARM64 = Release|ARM64
		Release|x64 = Release|x64
		Release|x86 = Release|x86
	EndGlobalSection
	GlobalSection(ProjectConfigurationPlatforms) = postSolution
		{DA7A7229-52EB-4054-BFD6-B454D694FBEC}.Debug|Any CPU.ActiveCfg = Debug|x64
		{DA7A7229-52EB-4054-BFD6-B454D694FBEC}.Debug|Any CPU.Build.0 = Debug|x64
		{DA7A7229-52EB-4054-BFD6-B454D694FBEC}.Debug|Any CPU.Deploy.0 = Debug|x64
		{DA7A7229-52EB-4054-BFD6-B454D694FBEC}.Debug|ARM64.ActiveCfg = Debug|ARM64
		{DA7A7229-52EB-4054-BFD6-B454D694FBEC}.Debug|ARM64.Build.0 = Debug|ARM64
		{DA7A7229-52EB-4054-BFD6-B454D694FBEC}.Debug|ARM64.Deploy.0 = Debug|ARM64
		{DA7A7229-52EB-4054-BFD6-B454D694FBEC}.Debug|x64.ActiveCfg = Debug|x64
		{DA7A7229-52EB-4054-BFD6-B454D694FBEC}.Debug|x64.Build.0 = Debug|x64
		{DA7A7229-52EB-4054-BFD6-B454D694FBEC}.Debug|x64.Deploy.0 = Debug|x64
		{DA7A7229-52EB-4054-BFD6-B454D694FBEC}.Debug|x86.ActiveCfg = Debug|x86
		{DA7A7229-52EB-4054-BFD6-B454D694FBEC}.Debug|x86.Build.0 = Debug|x86
		{DA7A7229-52EB-4054-BFD6-B454D694FBEC}.Debug|x86.Deploy.0 = Debug|x86
		{DA7A7229-52EB-4054-BFD6-B454D694FBEC}.Release|Any CPU.ActiveCfg = Release|x64
		{DA7A7229-52EB-4054-BFD6-B454D694FBEC}.Release|Any CPU.Build.0 = Release|x64
		{DA7A7229-52EB-4054-BFD6-B454D694FBEC}.Release|Any CPU.Deploy.0 = Release|x64
		{DA7A7229-52EB-4054-BFD6-B454D694FBEC}.Release|ARM64.ActiveCfg = Release|ARM64
		{DA7A7229-52EB-4054-BFD6-B454D694FBEC}.Release|ARM64.Build.0 = Release|ARM64
		{DA7A7229-52EB-4054-BFD6-B454D694FBEC}.Release|ARM64.Deploy.0 = Release|ARM64
		{DA7A7229-52EB-4054-BFD6-B454D694FBEC}.Release|x64.ActiveCfg = Release|x64
		{DA7A7229-52EB-4054-BFD6-B454D694FBEC}.Release|x64.Build.0 = Release|x64
		{DA7A7229-52EB-4054-BFD6-B454D694FBEC}.Release|x64.Deploy.0 = Release|x64
		{DA7A7229-52EB-4054-BFD6-B454D694FBEC}.Release|x86.ActiveCfg = Release|x86
		{DA7A7229-52EB-4054-BFD6-B454D694FBEC}.Release|x86.Build.0 = Release|x86
		{DA7A7229-52EB-4054-BFD6-B454D694FBEC}.Release|x86.Deploy.0 = Release|x86
		{A4B1E6D3-CFEF-4369-9B5F-197E3F921FD2}.Debug|Any CPU.ActiveCfg = Debug|Any CPU
		{A4B1E6D3-CFEF-4369-9B5F-197E3F921FD2}.Debug|Any CPU.Build.0 = Debug|Any CPU
		{A4B1E6D3-CFEF-4369-9B5F-197E3F921FD2}.Debug|ARM64.ActiveCfg = Debug|Any CPU
		{A4B1E6D3-CFEF-4369-9B5F-197E3F921FD2}.Debug|ARM64.Build.0 = Debug|Any CPU
		{A4B1E6D3-CFEF-4369-9B5F-197E3F921FD2}.Debug|x64.ActiveCfg = Debug|Any CPU
		{A4B1E6D3-CFEF-4369-9B5F-197E3F921FD2}.Debug|x64.Build.0 = Debug|Any CPU
		{A4B1E6D3-CFEF-4369-9B5F-197E3F921FD2}.Debug|x86.ActiveCfg = Debug|Any CPU
		{A4B1E6D3-CFEF-4369-9B5F-197E3F921FD2}.Debug|x86.Build.0 = Debug|Any CPU
		{A4B1E6D3-CFEF-4369-9B5F-197E3F921FD2}.Release|Any CPU.ActiveCfg = Release|Any CPU
		{A4B1E6D3-CFEF-4369-9B5F-197E3F921FD2}.Release|Any CPU.Build.0 = Release|Any CPU
		{A4B1E6D3-CFEF-4369-9B5F-197E3F921FD2}.Release|ARM64.ActiveCfg = Release|Any CPU
		{A4B1E6D3-CFEF-4369-9B5F-197E3F921FD2}.Release|ARM64.Build.0 = Release|Any CPU
		{A4B1E6D3-CFEF-4369-9B5F-197E3F921FD2}.Release|x64.ActiveCfg = Release|Any CPU
		{A4B1E6D3-CFEF-4369-9B5F-197E3F921FD2}.Release|x64.Build.0 = Release|Any CPU
		{A4B1E6D3-CFEF-4369-9B5F-197E3F921FD2}.Release|x86.ActiveCfg = Release|Any CPU
		{A4B1E6D3-CFEF-4369-9B5F-197E3F921FD2}.Release|x86.Build.0 = Release|Any CPU
		{ACD2CC04-7C62-4056-8523-633FB69552C5}.Debug|Any CPU.ActiveCfg = Debug|Any CPU
		{ACD2CC04-7C62-4056-8523-633FB69552C5}.Debug|Any CPU.Build.0 = Debug|Any CPU
		{ACD2CC04-7C62-4056-8523-633FB69552C5}.Debug|ARM64.ActiveCfg = Debug|Any CPU
		{ACD2CC04-7C62-4056-8523-633FB69552C5}.Debug|ARM64.Build.0 = Debug|Any CPU
		{ACD2CC04-7C62-4056-8523-633FB69552C5}.Debug|x64.ActiveCfg = Debug|Any CPU
		{ACD2CC04-7C62-4056-8523-633FB69552C5}.Debug|x64.Build.0 = Debug|Any CPU
		{ACD2CC04-7C62-4056-8523-633FB69552C5}.Debug|x86.ActiveCfg = Debug|Any CPU
		{ACD2CC04-7C62-4056-8523-633FB69552C5}.Debug|x86.Build.0 = Debug|Any CPU
		{ACD2CC04-7C62-4056-8523-633FB69552C5}.Release|Any CPU.ActiveCfg = Release|Any CPU
		{ACD2CC04-7C62-4056-8523-633FB69552C5}.Release|Any CPU.Build.0 = Release|Any CPU
		{ACD2CC04-7C62-4056-8523-633FB69552C5}.Release|ARM64.ActiveCfg = Release|Any CPU
		{ACD2CC04-7C62-4056-8523-633FB69552C5}.Release|ARM64.Build.0 = Release|Any CPU
		{ACD2CC04-7C62-4056-8523-633FB69552C5}.Release|x64.ActiveCfg = Release|Any CPU
		{ACD2CC04-7C62-4056-8523-633FB69552C5}.Release|x64.Build.0 = Release|Any CPU
		{ACD2CC04-7C62-4056-8523-633FB69552C5}.Release|x86.ActiveCfg = Release|Any CPU
		{ACD2CC04-7C62-4056-8523-633FB69552C5}.Release|x86.Build.0 = Release|Any CPU
	EndGlobalSection
	GlobalSection(SolutionProperties) = preSolution
		HideSolutionNode = FALSE
	EndGlobalSection
	GlobalSection(NestedProjects) = preSolution
		{ACD2CC04-7C62-4056-8523-633FB69552C5} = {D4544E50-F0F2-467B-90FF-40FF30ABF0A7}
	EndGlobalSection
	GlobalSection(ExtensibilityGlobals) = postSolution
		SolutionGuid = {F05D290C-342E-4C0B-B2E5-B0FCA8D24096}
	EndGlobalSection
EndGlobal
